// !$*UTF8*$!
{
	archiveVersion = 1;
	classes = {
	};
	objectVersion = 55;
	objects = {

/* Begin PBXBuildFile section */
		E94E81B328414218004C40E0 /* BasicInfoStack.swift in Sources */ = {isa = PBXBuildFile; fileRef = E94E81B228414218004C40E0 /* BasicInfoStack.swift */; };
		E953677B284D14FE006FA7D2 /* MealCell.swift in Sources */ = {isa = PBXBuildFile; fileRef = E953677A284D14FE006FA7D2 /* MealCell.swift */; };
		E953677F284D2258006FA7D2 /* FoodCell.swift in Sources */ = {isa = PBXBuildFile; fileRef = E953677E284D2258006FA7D2 /* FoodCell.swift */; };
		E9536782284E2CB8006FA7D2 /* DrinkCell.swift in Sources */ = {isa = PBXBuildFile; fileRef = E9536781284E2CB8006FA7D2 /* DrinkCell.swift */; };
		E9536787284F9711006FA7D2 /* Section.swift in Sources */ = {isa = PBXBuildFile; fileRef = E9536786284F9711006FA7D2 /* Section.swift */; };
		E953678A284F9799006FA7D2 /* TagSection.swift in Sources */ = {isa = PBXBuildFile; fileRef = E9536789284F9799006FA7D2 /* TagSection.swift */; };
		E953678C284F97D9006FA7D2 /* TagCell.swift in Sources */ = {isa = PBXBuildFile; fileRef = E953678B284F97D9006FA7D2 /* TagCell.swift */; };
		E97861A62847AA91009C3358 /* Router.swift in Sources */ = {isa = PBXBuildFile; fileRef = E97861A52847AA91009C3358 /* Router.swift */; };
		E97861A82847AA99009C3358 /* Servicer.swift in Sources */ = {isa = PBXBuildFile; fileRef = E97861A72847AA99009C3358 /* Servicer.swift */; };
		E97861AC2847B5DF009C3358 /* MomenuServicer.swift in Sources */ = {isa = PBXBuildFile; fileRef = E97861AB2847B5DF009C3358 /* MomenuServicer.swift */; };
		E97861AE2847B813009C3358 /* Restaurant.swift in Sources */ = {isa = PBXBuildFile; fileRef = E97861AD2847B813009C3358 /* Restaurant.swift */; };
		E97861B22849E4F1009C3358 /* MomenuRouterBuilder.swift in Sources */ = {isa = PBXBuildFile; fileRef = E97861B12849E4F1009C3358 /* MomenuRouterBuilder.swift */; };
		E990A2F0283C5755000196CA /* AppDelegate.swift in Sources */ = {isa = PBXBuildFile; fileRef = E990A2EF283C5755000196CA /* AppDelegate.swift */; };
		E990A2F2283C5755000196CA /* SceneDelegate.swift in Sources */ = {isa = PBXBuildFile; fileRef = E990A2F1283C5755000196CA /* SceneDelegate.swift */; };
		E990A2F4283C5755000196CA /* QRCodeVC.swift in Sources */ = {isa = PBXBuildFile; fileRef = E990A2F3283C5755000196CA /* QRCodeVC.swift */; };
		E990A2F9283C5756000196CA /* Assets.xcassets in Resources */ = {isa = PBXBuildFile; fileRef = E990A2F8283C5756000196CA /* Assets.xcassets */; };
		E990A2FC283C5756000196CA /* LaunchScreen.storyboard in Resources */ = {isa = PBXBuildFile; fileRef = E990A2FA283C5756000196CA /* LaunchScreen.storyboard */; };
		E990A329283DE70C000196CA /* QRScannerVC.swift in Sources */ = {isa = PBXBuildFile; fileRef = E990A328283DE70C000196CA /* QRScannerVC.swift */; };
		E990A32D283DEDAB000196CA /* HomeVC.swift in Sources */ = {isa = PBXBuildFile; fileRef = E990A32C283DEDAB000196CA /* HomeVC.swift */; };
		E990A332283DF378000196CA /* TabBarController.swift in Sources */ = {isa = PBXBuildFile; fileRef = E990A331283DF378000196CA /* TabBarController.swift */; };
		E990A336283DF541000196CA /* FoodVC.swift in Sources */ = {isa = PBXBuildFile; fileRef = E990A335283DF541000196CA /* FoodVC.swift */; };
		E990A338283DF563000196CA /* DrinksVC.swift in Sources */ = {isa = PBXBuildFile; fileRef = E990A337283DF563000196CA /* DrinksVC.swift */; };
		E990A33B283E69D2000196CA /* BrandStack.swift in Sources */ = {isa = PBXBuildFile; fileRef = E990A33A283E69D2000196CA /* BrandStack.swift */; };
		E990A33D283E944F000196CA /* RestaurantInfoStack.swift in Sources */ = {isa = PBXBuildFile; fileRef = E990A33C283E944F000196CA /* RestaurantInfoStack.swift */; };
		E990A33F28407E77000196CA /* RestaurantImageStack.swift in Sources */ = {isa = PBXBuildFile; fileRef = E990A33E28407E77000196CA /* RestaurantImageStack.swift */; };
		E990A3442840915A000196CA /* Meal.swift in Sources */ = {isa = PBXBuildFile; fileRef = E990A3432840915A000196CA /* Meal.swift */; };
		E990A3492840B8C4000196CA /* MealDetailsVC.swift in Sources */ = {isa = PBXBuildFile; fileRef = E990A3482840B8C4000196CA /* MealDetailsVC.swift */; };
/* End PBXBuildFile section */

/* Begin PBXFileReference section */
		E94E81B228414218004C40E0 /* BasicInfoStack.swift */ = {isa = PBXFileReference; lastKnownFileType = sourcecode.swift; path = BasicInfoStack.swift; sourceTree = "<group>"; };
		E953677A284D14FE006FA7D2 /* MealCell.swift */ = {isa = PBXFileReference; lastKnownFileType = sourcecode.swift; path = MealCell.swift; sourceTree = "<group>"; };
		E953677E284D2258006FA7D2 /* FoodCell.swift */ = {isa = PBXFileReference; lastKnownFileType = sourcecode.swift; path = FoodCell.swift; sourceTree = "<group>"; };
		E9536781284E2CB8006FA7D2 /* DrinkCell.swift */ = {isa = PBXFileReference; lastKnownFileType = sourcecode.swift; path = DrinkCell.swift; sourceTree = "<group>"; };
		E9536786284F9711006FA7D2 /* Section.swift */ = {isa = PBXFileReference; lastKnownFileType = sourcecode.swift; path = Section.swift; sourceTree = "<group>"; };
		E9536789284F9799006FA7D2 /* TagSection.swift */ = {isa = PBXFileReference; lastKnownFileType = sourcecode.swift; path = TagSection.swift; sourceTree = "<group>"; };
		E953678B284F97D9006FA7D2 /* TagCell.swift */ = {isa = PBXFileReference; lastKnownFileType = sourcecode.swift; path = TagCell.swift; sourceTree = "<group>"; };
		E97861A52847AA91009C3358 /* Router.swift */ = {isa = PBXFileReference; lastKnownFileType = sourcecode.swift; path = Router.swift; sourceTree = "<group>"; };
		E97861A72847AA99009C3358 /* Servicer.swift */ = {isa = PBXFileReference; lastKnownFileType = sourcecode.swift; path = Servicer.swift; sourceTree = "<group>"; };
		E97861AB2847B5DF009C3358 /* MomenuServicer.swift */ = {isa = PBXFileReference; lastKnownFileType = sourcecode.swift; path = MomenuServicer.swift; sourceTree = "<group>"; };
		E97861AD2847B813009C3358 /* Restaurant.swift */ = {isa = PBXFileReference; lastKnownFileType = sourcecode.swift; path = Restaurant.swift; sourceTree = "<group>"; };
		E97861B12849E4F1009C3358 /* MomenuRouterBuilder.swift */ = {isa = PBXFileReference; lastKnownFileType = sourcecode.swift; path = MomenuRouterBuilder.swift; sourceTree = "<group>"; };
		E990A2EC283C5755000196CA /* Pikeey.app */ = {isa = PBXFileReference; explicitFileType = wrapper.application; includeInIndex = 0; path = Pikeey.app; sourceTree = BUILT_PRODUCTS_DIR; };
		E990A2EF283C5755000196CA /* AppDelegate.swift */ = {isa = PBXFileReference; lastKnownFileType = sourcecode.swift; path = AppDelegate.swift; sourceTree = "<group>"; };
		E990A2F1283C5755000196CA /* SceneDelegate.swift */ = {isa = PBXFileReference; lastKnownFileType = sourcecode.swift; path = SceneDelegate.swift; sourceTree = "<group>"; };
		E990A2F3283C5755000196CA /* QRCodeVC.swift */ = {isa = PBXFileReference; lastKnownFileType = sourcecode.swift; path = QRCodeVC.swift; sourceTree = "<group>"; };
		E990A2F8283C5756000196CA /* Assets.xcassets */ = {isa = PBXFileReference; lastKnownFileType = folder.assetcatalog; path = Assets.xcassets; sourceTree = "<group>"; };
		E990A2FB283C5756000196CA /* Base */ = {isa = PBXFileReference; lastKnownFileType = file.storyboard; name = Base; path = Base.lproj/LaunchScreen.storyboard; sourceTree = "<group>"; };
		E990A2FD283C5756000196CA /* Info.plist */ = {isa = PBXFileReference; lastKnownFileType = text.plist.xml; path = Info.plist; sourceTree = "<group>"; };
		E990A328283DE70C000196CA /* QRScannerVC.swift */ = {isa = PBXFileReference; lastKnownFileType = sourcecode.swift; path = QRScannerVC.swift; sourceTree = "<group>"; };
		E990A32C283DEDAB000196CA /* HomeVC.swift */ = {isa = PBXFileReference; lastKnownFileType = sourcecode.swift; path = HomeVC.swift; sourceTree = "<group>"; };
		E990A331283DF378000196CA /* TabBarController.swift */ = {isa = PBXFileReference; lastKnownFileType = sourcecode.swift; path = TabBarController.swift; sourceTree = "<group>"; };
		E990A335283DF541000196CA /* FoodVC.swift */ = {isa = PBXFileReference; lastKnownFileType = sourcecode.swift; path = FoodVC.swift; sourceTree = "<group>"; };
		E990A337283DF563000196CA /* DrinksVC.swift */ = {isa = PBXFileReference; lastKnownFileType = sourcecode.swift; path = DrinksVC.swift; sourceTree = "<group>"; };
		E990A33A283E69D2000196CA /* BrandStack.swift */ = {isa = PBXFileReference; lastKnownFileType = sourcecode.swift; path = BrandStack.swift; sourceTree = "<group>"; };
		E990A33C283E944F000196CA /* RestaurantInfoStack.swift */ = {isa = PBXFileReference; lastKnownFileType = sourcecode.swift; path = RestaurantInfoStack.swift; sourceTree = "<group>"; };
		E990A33E28407E77000196CA /* RestaurantImageStack.swift */ = {isa = PBXFileReference; lastKnownFileType = sourcecode.swift; path = RestaurantImageStack.swift; sourceTree = "<group>"; };
		E990A3432840915A000196CA /* Meal.swift */ = {isa = PBXFileReference; lastKnownFileType = sourcecode.swift; path = Meal.swift; sourceTree = "<group>"; };
		E990A3482840B8C4000196CA /* MealDetailsVC.swift */ = {isa = PBXFileReference; lastKnownFileType = sourcecode.swift; path = MealDetailsVC.swift; sourceTree = "<group>"; };
/* End PBXFileReference section */

/* Begin PBXFrameworksBuildPhase section */
		E990A2E9283C5755000196CA /* Frameworks */ = {
			isa = PBXFrameworksBuildPhase;
			buildActionMask = 2147483647;
			files = (
			);
			runOnlyForDeploymentPostprocessing = 0;
		};
/* End PBXFrameworksBuildPhase section */

/* Begin PBXGroup section */
		E94E81B1284141E7004C40E0 /* View */ = {
			isa = PBXGroup;
			children = (
				E9536783284F96D1006FA7D2 /* CollectionView */,
				E94E81B228414218004C40E0 /* BasicInfoStack.swift */,
			);
			path = View;
			sourceTree = "<group>";
		};
		E9536777284D0706006FA7D2 /* View */ = {
			isa = PBXGroup;
			children = (
				E953677E284D2258006FA7D2 /* FoodCell.swift */,
			);
			path = View;
			sourceTree = "<group>";
		};
		E9536778284D1499006FA7D2 /* Menu */ = {
			isa = PBXGroup;
			children = (
				E990A333283DF4E0000196CA /* Food */,
				E990A334283DF4EC000196CA /* Drinks */,
				E9536779284D14D3006FA7D2 /* View */,
			);
			path = Menu;
			sourceTree = "<group>";
		};
		E9536779284D14D3006FA7D2 /* View */ = {
			isa = PBXGroup;
			children = (
				E953677A284D14FE006FA7D2 /* MealCell.swift */,
			);
			path = View;
			sourceTree = "<group>";
		};
		E9536780284E2C70006FA7D2 /* View */ = {
			isa = PBXGroup;
			children = (
				E9536781284E2CB8006FA7D2 /* DrinkCell.swift */,
			);
			path = View;
			sourceTree = "<group>";
		};
		E9536783284F96D1006FA7D2 /* CollectionView */ = {
			isa = PBXGroup;
			children = (
				E9536785284F96EC006FA7D2 /* Cell */,
				E9536784284F96DE006FA7D2 /* Section */,
				E9536788284F971A006FA7D2 /* Protocol */,
			);
			path = CollectionView;
			sourceTree = "<group>";
		};
		E9536784284F96DE006FA7D2 /* Section */ = {
			isa = PBXGroup;
			children = (
				E9536789284F9799006FA7D2 /* TagSection.swift */,
			);
			path = Section;
			sourceTree = "<group>";
		};
		E9536785284F96EC006FA7D2 /* Cell */ = {
			isa = PBXGroup;
			children = (
				E953678B284F97D9006FA7D2 /* TagCell.swift */,
			);
			path = Cell;
			sourceTree = "<group>";
		};
		E9536788284F971A006FA7D2 /* Protocol */ = {
			isa = PBXGroup;
			children = (
				E9536786284F9711006FA7D2 /* Section.swift */,
			);
			path = Protocol;
			sourceTree = "<group>";
		};
		E97861A42847AA5A009C3358 /* Networking Layer */ = {
			isa = PBXGroup;
			children = (
				E97861A52847AA91009C3358 /* Router.swift */,
				E97861A72847AA99009C3358 /* Servicer.swift */,
				E97861AB2847B5DF009C3358 /* MomenuServicer.swift */,
				E97861B12849E4F1009C3358 /* MomenuRouterBuilder.swift */,
			);
			path = "Networking Layer";
			sourceTree = "<group>";
		};
		E990A2E3283C5755000196CA = {
			isa = PBXGroup;
			children = (
				E990A2EE283C5755000196CA /* Pikeey */,
				E990A2ED283C5755000196CA /* Products */,
			);
			sourceTree = "<group>";
		};
		E990A2ED283C5755000196CA /* Products */ = {
			isa = PBXGroup;
			children = (
				E990A2EC283C5755000196CA /* Pikeey.app */,
			);
			name = Products;
			sourceTree = "<group>";
		};
		E990A2EE283C5755000196CA /* Pikeey */ = {
			isa = PBXGroup;
			children = (
				E990A2FD283C5756000196CA /* Info.plist */,
				E990A2EF283C5755000196CA /* AppDelegate.swift */,
				E990A2F1283C5755000196CA /* SceneDelegate.swift */,
				E990A326283DE22A000196CA /* Scanner */,
				E990A330283DF34C000196CA /* Restaurant */,
				E97861A42847AA5A009C3358 /* Networking Layer */,
				E990A34228409145000196CA /* Model */,
				E990A327283DE25D000196CA /* Assets */,
			);
			path = Pikeey;
			sourceTree = "<group>";
		};
		E990A326283DE22A000196CA /* Scanner */ = {
			isa = PBXGroup;
			children = (
				E990A2F3283C5755000196CA /* QRCodeVC.swift */,
				E990A328283DE70C000196CA /* QRScannerVC.swift */,
			);
			path = Scanner;
			sourceTree = "<group>";
		};
		E990A327283DE25D000196CA /* Assets */ = {
			isa = PBXGroup;
			children = (
				E990A2F8283C5756000196CA /* Assets.xcassets */,
				E990A2FA283C5756000196CA /* LaunchScreen.storyboard */,
			);
			path = Assets;
			sourceTree = "<group>";
		};
		E990A32B283DED72000196CA /* Home */ = {
			isa = PBXGroup;
			children = (
				E990A32C283DEDAB000196CA /* HomeVC.swift */,
				E990A339283E699B000196CA /* View */,
			);
			path = Home;
			sourceTree = "<group>";
		};
		E990A330283DF34C000196CA /* Restaurant */ = {
			isa = PBXGroup;
			children = (
				E990A331283DF378000196CA /* TabBarController.swift */,
				E990A32B283DED72000196CA /* Home */,
				E9536778284D1499006FA7D2 /* Menu */,
				E990A3452840B521000196CA /* MealDetails */,
			);
			path = Restaurant;
			sourceTree = "<group>";
		};
		E990A333283DF4E0000196CA /* Food */ = {
			isa = PBXGroup;
			children = (
				E990A335283DF541000196CA /* FoodVC.swift */,
				E9536777284D0706006FA7D2 /* View */,
			);
			path = Food;
			sourceTree = "<group>";
		};
		E990A334283DF4EC000196CA /* Drinks */ = {
			isa = PBXGroup;
			children = (
				E990A337283DF563000196CA /* DrinksVC.swift */,
				E9536780284E2C70006FA7D2 /* View */,
			);
			path = Drinks;
			sourceTree = "<group>";
		};
		E990A339283E699B000196CA /* View */ = {
			isa = PBXGroup;
			children = (
				E990A33A283E69D2000196CA /* BrandStack.swift */,
				E990A33C283E944F000196CA /* RestaurantInfoStack.swift */,
				E990A33E28407E77000196CA /* RestaurantImageStack.swift */,
			);
			path = View;
			sourceTree = "<group>";
		};
		E990A34228409145000196CA /* Model */ = {
			isa = PBXGroup;
			children = (
				E990A3432840915A000196CA /* Meal.swift */,
				E97861AD2847B813009C3358 /* Restaurant.swift */,
			);
			path = Model;
			sourceTree = "<group>";
		};
		E990A3452840B521000196CA /* MealDetails */ = {
			isa = PBXGroup;
			children = (
				E990A3482840B8C4000196CA /* MealDetailsVC.swift */,
				E94E81B1284141E7004C40E0 /* View */,
			);
			path = MealDetails;
			sourceTree = "<group>";
		};
/* End PBXGroup section */

/* Begin PBXNativeTarget section */
		E990A2EB283C5755000196CA /* Pikeey */ = {
			isa = PBXNativeTarget;
			buildConfigurationList = E990A300283C5756000196CA /* Build configuration list for PBXNativeTarget "Pikeey" */;
			buildPhases = (
				E990A2E8283C5755000196CA /* Sources */,
				E990A2E9283C5755000196CA /* Frameworks */,
				E990A2EA283C5755000196CA /* Resources */,
			);
			buildRules = (
			);
			dependencies = (
			);
			name = Pikeey;
			productName = Pikeey;
			productReference = E990A2EC283C5755000196CA /* Pikeey.app */;
			productType = "com.apple.product-type.application";
		};
/* End PBXNativeTarget section */

/* Begin PBXProject section */
		E990A2E4283C5755000196CA /* Project object */ = {
			isa = PBXProject;
			attributes = {
				BuildIndependentTargetsInParallel = 1;
				LastSwiftUpdateCheck = 1330;
				LastUpgradeCheck = 1330;
				TargetAttributes = {
					E990A2EB283C5755000196CA = {
						CreatedOnToolsVersion = 13.3;
					};
				};
			};
			buildConfigurationList = E990A2E7283C5755000196CA /* Build configuration list for PBXProject "Pikeey" */;
			compatibilityVersion = "Xcode 13.0";
			developmentRegion = en;
			hasScannedForEncodings = 0;
			knownRegions = (
				en,
				Base,
			);
			mainGroup = E990A2E3283C5755000196CA;
			productRefGroup = E990A2ED283C5755000196CA /* Products */;
			projectDirPath = "";
			projectRoot = "";
			targets = (
				E990A2EB283C5755000196CA /* Pikeey */,
			);
		};
/* End PBXProject section */

/* Begin PBXResourcesBuildPhase section */
		E990A2EA283C5755000196CA /* Resources */ = {
			isa = PBXResourcesBuildPhase;
			buildActionMask = 2147483647;
			files = (
				E990A2FC283C5756000196CA /* LaunchScreen.storyboard in Resources */,
				E990A2F9283C5756000196CA /* Assets.xcassets in Resources */,
			);
			runOnlyForDeploymentPostprocessing = 0;
		};
/* End PBXResourcesBuildPhase section */

/* Begin PBXSourcesBuildPhase section */
		E990A2E8283C5755000196CA /* Sources */ = {
			isa = PBXSourcesBuildPhase;
			buildActionMask = 2147483647;
			files = (
				E953677B284D14FE006FA7D2 /* MealCell.swift in Sources */,
				E990A2F4283C5755000196CA /* QRCodeVC.swift in Sources */,
				E990A32D283DEDAB000196CA /* HomeVC.swift in Sources */,
				E990A33F28407E77000196CA /* RestaurantImageStack.swift in Sources */,
				E953678A284F9799006FA7D2 /* TagSection.swift in Sources */,
				E97861B22849E4F1009C3358 /* MomenuRouterBuilder.swift in Sources */,
				E94E81B328414218004C40E0 /* BasicInfoStack.swift in Sources */,
				E990A2F0283C5755000196CA /* AppDelegate.swift in Sources */,
				E990A332283DF378000196CA /* TabBarController.swift in Sources */,
				E990A3442840915A000196CA /* Meal.swift in Sources */,
				E97861A62847AA91009C3358 /* Router.swift in Sources */,
				E97861AE2847B813009C3358 /* Restaurant.swift in Sources */,
				E990A329283DE70C000196CA /* QRScannerVC.swift in Sources */,
				E990A33D283E944F000196CA /* RestaurantInfoStack.swift in Sources */,
				E97861AC2847B5DF009C3358 /* MomenuServicer.swift in Sources */,
				E9536782284E2CB8006FA7D2 /* DrinkCell.swift in Sources */,
				E9536787284F9711006FA7D2 /* Section.swift in Sources */,
				E953678C284F97D9006FA7D2 /* TagCell.swift in Sources */,
				E990A3492840B8C4000196CA /* MealDetailsVC.swift in Sources */,
				E990A338283DF563000196CA /* DrinksVC.swift in Sources */,
				E953677F284D2258006FA7D2 /* FoodCell.swift in Sources */,
				E97861A82847AA99009C3358 /* Servicer.swift in Sources */,
				E990A2F2283C5755000196CA /* SceneDelegate.swift in Sources */,
				E990A33B283E69D2000196CA /* BrandStack.swift in Sources */,
				E990A336283DF541000196CA /* FoodVC.swift in Sources */,
			);
			runOnlyForDeploymentPostprocessing = 0;
		};
/* End PBXSourcesBuildPhase section */

/* Begin PBXVariantGroup section */
		E990A2FA283C5756000196CA /* LaunchScreen.storyboard */ = {
			isa = PBXVariantGroup;
			children = (
				E990A2FB283C5756000196CA /* Base */,
			);
			name = LaunchScreen.storyboard;
			sourceTree = "<group>";
		};
/* End PBXVariantGroup section */

/* Begin XCBuildConfiguration section */
		E990A2FE283C5756000196CA /* Debug */ = {
			isa = XCBuildConfiguration;
			buildSettings = {
				ALWAYS_SEARCH_USER_PATHS = NO;
				CLANG_ANALYZER_NONNULL = YES;
				CLANG_ANALYZER_NUMBER_OBJECT_CONVERSION = YES_AGGRESSIVE;
				CLANG_CXX_LANGUAGE_STANDARD = "gnu++17";
				CLANG_ENABLE_MODULES = YES;
				CLANG_ENABLE_OBJC_ARC = YES;
				CLANG_ENABLE_OBJC_WEAK = YES;
				CLANG_WARN_BLOCK_CAPTURE_AUTORELEASING = YES;
				CLANG_WARN_BOOL_CONVERSION = YES;
				CLANG_WARN_COMMA = YES;
				CLANG_WARN_CONSTANT_CONVERSION = YES;
				CLANG_WARN_DEPRECATED_OBJC_IMPLEMENTATIONS = YES;
				CLANG_WARN_DIRECT_OBJC_ISA_USAGE = YES_ERROR;
				CLANG_WARN_DOCUMENTATION_COMMENTS = YES;
				CLANG_WARN_EMPTY_BODY = YES;
				CLANG_WARN_ENUM_CONVERSION = YES;
				CLANG_WARN_INFINITE_RECURSION = YES;
				CLANG_WARN_INT_CONVERSION = YES;
				CLANG_WARN_NON_LITERAL_NULL_CONVERSION = YES;
				CLANG_WARN_OBJC_IMPLICIT_RETAIN_SELF = YES;
				CLANG_WARN_OBJC_LITERAL_CONVERSION = YES;
				CLANG_WARN_OBJC_ROOT_CLASS = YES_ERROR;
				CLANG_WARN_QUOTED_INCLUDE_IN_FRAMEWORK_HEADER = YES;
				CLANG_WARN_RANGE_LOOP_ANALYSIS = YES;
				CLANG_WARN_STRICT_PROTOTYPES = YES;
				CLANG_WARN_SUSPICIOUS_MOVE = YES;
				CLANG_WARN_UNGUARDED_AVAILABILITY = YES_AGGRESSIVE;
				CLANG_WARN_UNREACHABLE_CODE = YES;
				CLANG_WARN__DUPLICATE_METHOD_MATCH = YES;
				COPY_PHASE_STRIP = NO;
				DEBUG_INFORMATION_FORMAT = dwarf;
				ENABLE_STRICT_OBJC_MSGSEND = YES;
				ENABLE_TESTABILITY = YES;
				GCC_C_LANGUAGE_STANDARD = gnu11;
				GCC_DYNAMIC_NO_PIC = NO;
				GCC_NO_COMMON_BLOCKS = YES;
				GCC_OPTIMIZATION_LEVEL = 0;
				GCC_PREPROCESSOR_DEFINITIONS = (
					"DEBUG=1",
					"$(inherited)",
				);
				GCC_WARN_64_TO_32_BIT_CONVERSION = YES;
				GCC_WARN_ABOUT_RETURN_TYPE = YES_ERROR;
				GCC_WARN_UNDECLARED_SELECTOR = YES;
				GCC_WARN_UNINITIALIZED_AUTOS = YES_AGGRESSIVE;
				GCC_WARN_UNUSED_FUNCTION = YES;
				GCC_WARN_UNUSED_VARIABLE = YES;
				IPHONEOS_DEPLOYMENT_TARGET = 15.4;
				MTL_ENABLE_DEBUG_INFO = INCLUDE_SOURCE;
				MTL_FAST_MATH = YES;
				ONLY_ACTIVE_ARCH = YES;
				SDKROOT = iphoneos;
				SWIFT_ACTIVE_COMPILATION_CONDITIONS = DEBUG;
				SWIFT_OPTIMIZATION_LEVEL = "-Onone";
			};
			name = Debug;
		};
		E990A2FF283C5756000196CA /* Release */ = {
			isa = XCBuildConfiguration;
			buildSettings = {
				ALWAYS_SEARCH_USER_PATHS = NO;
				CLANG_ANALYZER_NONNULL = YES;
				CLANG_ANALYZER_NUMBER_OBJECT_CONVERSION = YES_AGGRESSIVE;
				CLANG_CXX_LANGUAGE_STANDARD = "gnu++17";
				CLANG_ENABLE_MODULES = YES;
				CLANG_ENABLE_OBJC_ARC = YES;
				CLANG_ENABLE_OBJC_WEAK = YES;
				CLANG_WARN_BLOCK_CAPTURE_AUTORELEASING = YES;
				CLANG_WARN_BOOL_CONVERSION = YES;
				CLANG_WARN_COMMA = YES;
				CLANG_WARN_CONSTANT_CONVERSION = YES;
				CLANG_WARN_DEPRECATED_OBJC_IMPLEMENTATIONS = YES;
				CLANG_WARN_DIRECT_OBJC_ISA_USAGE = YES_ERROR;
				CLANG_WARN_DOCUMENTATION_COMMENTS = YES;
				CLANG_WARN_EMPTY_BODY = YES;
				CLANG_WARN_ENUM_CONVERSION = YES;
				CLANG_WARN_INFINITE_RECURSION = YES;
				CLANG_WARN_INT_CONVERSION = YES;
				CLANG_WARN_NON_LITERAL_NULL_CONVERSION = YES;
				CLANG_WARN_OBJC_IMPLICIT_RETAIN_SELF = YES;
				CLANG_WARN_OBJC_LITERAL_CONVERSION = YES;
				CLANG_WARN_OBJC_ROOT_CLASS = YES_ERROR;
				CLANG_WARN_QUOTED_INCLUDE_IN_FRAMEWORK_HEADER = YES;
				CLANG_WARN_RANGE_LOOP_ANALYSIS = YES;
				CLANG_WARN_STRICT_PROTOTYPES = YES;
				CLANG_WARN_SUSPICIOUS_MOVE = YES;
				CLANG_WARN_UNGUARDED_AVAILABILITY = YES_AGGRESSIVE;
				CLANG_WARN_UNREACHABLE_CODE = YES;
				CLANG_WARN__DUPLICATE_METHOD_MATCH = YES;
				COPY_PHASE_STRIP = NO;
				DEBUG_INFORMATION_FORMAT = "dwarf-with-dsym";
				ENABLE_NS_ASSERTIONS = NO;
				ENABLE_STRICT_OBJC_MSGSEND = YES;
				GCC_C_LANGUAGE_STANDARD = gnu11;
				GCC_NO_COMMON_BLOCKS = YES;
				GCC_WARN_64_TO_32_BIT_CONVERSION = YES;
				GCC_WARN_ABOUT_RETURN_TYPE = YES_ERROR;
				GCC_WARN_UNDECLARED_SELECTOR = YES;
				GCC_WARN_UNINITIALIZED_AUTOS = YES_AGGRESSIVE;
				GCC_WARN_UNUSED_FUNCTION = YES;
				GCC_WARN_UNUSED_VARIABLE = YES;
				IPHONEOS_DEPLOYMENT_TARGET = 15.4;
				MTL_ENABLE_DEBUG_INFO = NO;
				MTL_FAST_MATH = YES;
				SDKROOT = iphoneos;
				SWIFT_COMPILATION_MODE = wholemodule;
				SWIFT_OPTIMIZATION_LEVEL = "-O";
				VALIDATE_PRODUCT = YES;
			};
			name = Release;
		};
		E990A301283C5756000196CA /* Debug */ = {
			isa = XCBuildConfiguration;
			buildSettings = {
				ASSETCATALOG_COMPILER_APPICON_NAME = AppIcon;
				ASSETCATALOG_COMPILER_GLOBAL_ACCENT_COLOR_NAME = AccentColor;
				CODE_SIGN_STYLE = Automatic;
				CURRENT_PROJECT_VERSION = 1;
				DEVELOPMENT_TEAM = H3T9YTYVBN;
				GENERATE_INFOPLIST_FILE = YES;
				INFOPLIST_FILE = Pikeey/Info.plist;
				INFOPLIST_KEY_UIApplicationSupportsIndirectInputEvents = YES;
				INFOPLIST_KEY_UILaunchStoryboardName = LaunchScreen;
				INFOPLIST_KEY_UISupportedInterfaceOrientations_iPad = "UIInterfaceOrientationPortrait UIInterfaceOrientationPortraitUpsideDown UIInterfaceOrientationLandscapeLeft UIInterfaceOrientationLandscapeRight";
				INFOPLIST_KEY_UISupportedInterfaceOrientations_iPhone = "UIInterfaceOrientationPortrait UIInterfaceOrientationLandscapeLeft UIInterfaceOrientationLandscapeRight";
				LD_RUNPATH_SEARCH_PATHS = (
					"$(inherited)",
					"@executable_path/Frameworks",
				);
				MARKETING_VERSION = 1.0;
				PRODUCT_BUNDLE_IDENTIFIER = com.sicaramacuya.Pikeey;
				PRODUCT_NAME = "$(TARGET_NAME)";
				SWIFT_EMIT_LOC_STRINGS = YES;
				SWIFT_VERSION = 5.0;
				TARGETED_DEVICE_FAMILY = "1,2";
			};
			name = Debug;
		};
		E990A302283C5756000196CA /* Release */ = {
			isa = XCBuildConfiguration;
			buildSettings = {
				ASSETCATALOG_COMPILER_APPICON_NAME = AppIcon;
				ASSETCATALOG_COMPILER_GLOBAL_ACCENT_COLOR_NAME = AccentColor;
				CODE_SIGN_STYLE = Automatic;
				CURRENT_PROJECT_VERSION = 1;
				DEVELOPMENT_TEAM = H3T9YTYVBN;
				GENERATE_INFOPLIST_FILE = YES;
				INFOPLIST_FILE = Pikeey/Info.plist;
				INFOPLIST_KEY_UIApplicationSupportsIndirectInputEvents = YES;
				INFOPLIST_KEY_UILaunchStoryboardName = LaunchScreen;
				INFOPLIST_KEY_UISupportedInterfaceOrientations_iPad = "UIInterfaceOrientationPortrait UIInterfaceOrientationPortraitUpsideDown UIInterfaceOrientationLandscapeLeft UIInterfaceOrientationLandscapeRight";
				INFOPLIST_KEY_UISupportedInterfaceOrientations_iPhone = "UIInterfaceOrientationPortrait UIInterfaceOrientationLandscapeLeft UIInterfaceOrientationLandscapeRight";
				LD_RUNPATH_SEARCH_PATHS = (
					"$(inherited)",
					"@executable_path/Frameworks",
				);
				MARKETING_VERSION = 1.0;
				PRODUCT_BUNDLE_IDENTIFIER = com.sicaramacuya.Pikeey;
				PRODUCT_NAME = "$(TARGET_NAME)";
				SWIFT_EMIT_LOC_STRINGS = YES;
				SWIFT_VERSION = 5.0;
				TARGETED_DEVICE_FAMILY = "1,2";
			};
			name = Release;
		};
/* End XCBuildConfiguration section */

/* Begin XCConfigurationList section */
		E990A2E7283C5755000196CA /* Build configuration list for PBXProject "Pikeey" */ = {
			isa = XCConfigurationList;
			buildConfigurations = (
				E990A2FE283C5756000196CA /* Debug */,
				E990A2FF283C5756000196CA /* Release */,
			);
			defaultConfigurationIsVisible = 0;
			defaultConfigurationName = Release;
		};
		E990A300283C5756000196CA /* Build configuration list for PBXNativeTarget "Pikeey" */ = {
			isa = XCConfigurationList;
			buildConfigurations = (
				E990A301283C5756000196CA /* Debug */,
				E990A302283C5756000196CA /* Release */,
			);
			defaultConfigurationIsVisible = 0;
			defaultConfigurationName = Release;
		};
/* End XCConfigurationList section */
	};
	rootObject = E990A2E4283C5755000196CA /* Project object */;
}
